
Microsoft Visual Studio Solution File, Format Version 12.00
# Visual Studio Version 16
VisualStudioVersion = 16.0.31624.102
MinimumVisualStudioVersion = 10.0.40219.1
Project("{FAE04EC0-301F-11D3-BF4B-00C04F79EFBC}") = "Part1_Mod6", "Part1_Mod6.csproj", "{B036371F-64E1-41FD-9D08-05473257BEEB}"
EndProject
Global
	GlobalSection(SolutionConfigurationPlatforms) = preSolution
		Debug|Any CPU = Debug|Any CPU
		Release|Any CPU = Release|Any CPU
	EndGlobalSection
	GlobalSection(ProjectConfigurationPlatforms) = postSolution
		{B036371F-64E1-41FD-9D08-05473257BEEB}.Debug|Any CPU.ActiveCfg = Debug|Any CPU
		{B036371F-64E1-41FD-9D08-05473257BEEB}.Debug|Any CPU.Build.0 = Debug|Any CPU
		{B036371F-64E1-41FD-9D08-05473257BEEB}.Release|Any CPU.ActiveCfg = Release|Any CPU
		{B036371F-64E1-41FD-9D08-05473257BEEB}.Release|Any CPU.Build.0 = Release|Any CPU
	EndGlobalSection
	GlobalSection(SolutionProperties) = preSolution
		HideSolutionNode = FALSE
	EndGlobalSection
	GlobalSection(ExtensibilityGlobals) = postSolution
		SolutionGuid = {1B40B3DE-D8EE-42A9-BB90-A5A460065141}
	EndGlobalSection
EndGlobal
